Microsoft Visual Studio Solution File, Format Version 12.00
# Visual Studio 15
VisualStudioVersion = 15.0.26430.4
MinimumVisualStudioVersion = 15.0.26124.0
Project("{9A19103F-16F7-4668-BE54-9A1E7A4F7556}") = "IntegrationTests.Framework", "IntegrationTests.Framework\IntegrationTests.Framework.csproj", "{B7D7874B-2603-4267-BF11-E56922A201BD}"
EndProject
Project("{FAE04EC0-301F-11D3-BF4B-00C04F79EFBC}") = "IntegrationTests.Client", "IntegrationTests.Client\IntegrationTests.Client.csproj", "{1674A4C7-87B8-4C91-BC5D-FF9EA219D4D7}"
EndProject
Project("{9A19103F-16F7-4668-BE54-9A1E7A4F7556}") = "IntegrationTests.Tests", "IntegrationTests.Tests\IntegrationTests.Tests.csproj", "{EC828A59-E2D7-4699-AE1F-3DF80E2A0E17}"
EndProject
Global
	GlobalSection(SolutionConfigurationPlatforms) = preSolution
		Debug|Any CPU = Debug|Any CPU
		Debug|x64 = Debug|x64
		Debug|x86 = Debug|x86
		Release|Any CPU = Release|Any CPU
		Release|x64 = Release|x64
		Release|x86 = Release|x86
	EndGlobalSection
	GlobalSection(ProjectConfigurationPlatforms) = postSolution
		{B7D7874B-2603-4267-BF11-E56922A201BD}.Debug|Any CPU.ActiveCfg = Debug|Any CPU
		{B7D7874B-2603-4267-BF11-E56922A201BD}.Debug|Any CPU.Build.0 = Debug|Any CPU
		{B7D7874B-2603-4267-BF11-E56922A201BD}.Debug|x64.ActiveCfg = Debug|Any CPU
		{B7D7874B-2603-4267-BF11-E56922A201BD}.Debug|x64.Build.0 = Debug|Any CPU
		{B7D7874B-2603-4267-BF11-E56922A201BD}.Debug|x86.ActiveCfg = Debug|Any CPU
		{B7D7874B-2603-4267-BF11-E56922A201BD}.Debug|x86.Build.0 = Debug|Any CPU
		{B7D7874B-2603-4267-BF11-E56922A201BD}.Release|Any CPU.ActiveCfg = Release|Any CPU
		{B7D7874B-2603-4267-BF11-E56922A201BD}.Release|Any CPU.Build.0 = Release|Any CPU
		{B7D7874B-2603-4267-BF11-E56922A201BD}.Release|x64.ActiveCfg = Release|Any CPU
		{B7D7874B-2603-4267-BF11-E56922A201BD}.Release|x64.Build.0 = Release|Any CPU
		{B7D7874B-2603-4267-BF11-E56922A201BD}.Release|x86.ActiveCfg = Release|Any CPU
		{B7D7874B-2603-4267-BF11-E56922A201BD}.Release|x86.Build.0 = Release|Any CPU
		{1674A4C7-87B8-4C91-BC5D-FF9EA219D4D7}.Debug|Any CPU.ActiveCfg = Debug|Any CPU
		{1674A4C7-87B8-4C91-BC5D-FF9EA219D4D7}.Debug|Any CPU.Build.0 = Debug|Any CPU
		{1674A4C7-87B8-4C91-BC5D-FF9EA219D4D7}.Debug|x64.ActiveCfg = Debug|Any CPU
		{1674A4C7-87B8-4C91-BC5D-FF9EA219D4D7}.Debug|x64.Build.0 = Debug|Any CPU
		{1674A4C7-87B8-4C91-BC5D-FF9EA219D4D7}.Debug|x86.ActiveCfg = Debug|Any CPU
		{1674A4C7-87B8-4C91-BC5D-FF9EA219D4D7}.Debug|x86.Build.0 = Debug|Any CPU
		{1674A4C7-87B8-4C91-BC5D-FF9EA219D4D7}.Release|Any CPU.ActiveCfg = Release|Any CPU
		{1674A4C7-87B8-4C91-BC5D-FF9EA219D4D7}.Release|Any CPU.Build.0 = Release|Any CPU
		{1674A4C7-87B8-4C91-BC5D-FF9EA219D4D7}.Release|x64.ActiveCfg = Release|Any CPU
		{1674A4C7-87B8-4C91-BC5D-FF9EA219D4D7}.Release|x64.Build.0 = Release|Any CPU
		{1674A4C7-87B8-4C91-BC5D-FF9EA219D4D7}.Release|x86.ActiveCfg = Release|Any CPU
		{1674A4C7-87B8-4C91-BC5D-FF9EA219D4D7}.Release|x86.Build.0 = Release|Any CPU
		{EC828A59-E2D7-4699-AE1F-3DF80E2A0E17}.Debug|Any CPU.ActiveCfg = Debug|Any CPU
		{EC828A59-E2D7-4699-AE1F-3DF80E2A0E17}.Debug|Any CPU.Build.0 = Debug|Any CPU
		{EC828A59-E2D7-4699-AE1F-3DF80E2A0E17}.Debug|x64.ActiveCfg = Debug|Any CPU
		{EC828A59-E2D7-4699-AE1F-3DF80E2A0E17}.Debug|x64.Build.0 = Debug|Any CPU
		{EC828A59-E2D7-4699-AE1F-3DF80E2A0E17}.Debug|x86.ActiveCfg = Debug|Any CPU
		{EC828A59-E2D7-4699-AE1F-3DF80E2A0E17}.Debug|x86.Build.0 = Debug|Any CPU
		{EC828A59-E2D7-4699-AE1F-3DF80E2A0E17}.Release|Any CPU.ActiveCfg = Release|Any CPU
		{EC828A59-E2D7-4699-AE1F-3DF80E2A0E17}.Release|Any CPU.Build.0 = Release|Any CPU
		{EC828A59-E2D7-4699-AE1F-3DF80E2A0E17}.Release|x64.ActiveCfg = Release|Any CPU
		{EC828A59-E2D7-4699-AE1F-3DF80E2A0E17}.Release|x64.Build.0 = Release|Any CPU
		{EC828A59-E2D7-4699-AE1F-3DF80E2A0E17}.Release|x86.ActiveCfg = Release|Any CPU
		{EC828A59-E2D7-4699-AE1F-3DF80E2A0E17}.Release|x86.Build.0 = Release|Any CPU
	EndGlobalSection
	GlobalSection(SolutionProperties) = preSolution
		HideSolutionNode = FALSE
	EndGlobalSection
EndGlobal
